# THIS IS AN AUTOGENERATED FILE. DO NOT EDIT THIS FILE DIRECTLY.
# yarn lockfile v1


"@fullcalendar/common@~5.1.0":
  version "5.1.0"
  resolved "https://registry.yarnpkg.com/@fullcalendar/common/-/common-5.1.0.tgz#a45e01ebdcf00654f4d45f0457926cf2f5909820"
  integrity sha512-ubwf9T0BDocGLh0AK8achrmc0siQdrp3Wn6Rmg/Ht4/WnwBtjc5gumzJ0ezG/xHE0GWG+Pz6Tm0IJF/jE7NJHw==
  dependencies:
    tslib "^2.0.0"

"@fullcalendar/list@^5.1.0":
  version "5.1.0"
  resolved "https://registry.yarnpkg.com/@fullcalendar/list/-/list-5.1.0.tgz#e08b011cce8259fdee46ef8737bf98b31e6eac1a"
  integrity sha512-FDLsInaLv0H/BwpoJ4RbC69M8yoJ3xoRnkulChAzhIBrwXAKOHJth5P+iNFJVVYI7DaPgSi0BzEwiu0dJdStHQ==
  dependencies:
    "@fullcalendar/common" "~5.1.0"
    tslib "^2.0.0"

tslib@^2.0.0:
  version "2.0.0"
  resolved "https://registry.yarnpkg.com/tslib/-/tslib-2.0.0.tgz#18d13fc2dce04051e20f074cc8387fd8089ce4f3"
  integrity sha512-lTqkx847PI7xEDYJntxZH89L2/aXInsyF2luSafe/+0fHOMjlBNXdH6th7f70qxLDhul7KZK0zC8V5ZIyHl0/g==
